
Microsoft Visual Studio Solution File, Format Version 12.00
# Visual Studio Version 16
VisualStudioVersion = 16.0.31624.102
MinimumVisualStudioVersion = 10.0.40219.1
Project("{FAE04EC0-301F-11D3-BF4B-00C04F79EFBC}") = "Task Manager", "Task Manager.csproj", "{C76C78E7-FA4D-4BE4-9E32-2B79CC143DDD}"
EndProject
Global
	GlobalSection(SolutionConfigurationPlatforms) = preSolution
		Debug|Any CPU = Debug|Any CPU
		Release|Any CPU = Release|Any CPU
	EndGlobalSection
	GlobalSection(ProjectConfigurationPlatforms) = postSolution
		{C76C78E7-FA4D-4BE4-9E32-2B79CC143DDD}.Debug|Any CPU.ActiveCfg = Debug|Any CPU
		{C76C78E7-FA4D-4BE4-9E32-2B79CC143DDD}.Debug|Any CPU.Build.0 = Debug|Any CPU
		{C76C78E7-FA4D-4BE4-9E32-2B79CC143DDD}.Release|Any CPU.ActiveCfg = Release|Any CPU
		{C76C78E7-FA4D-4BE4-9E32-2B79CC143DDD}.Release|Any CPU.Build.0 = Release|Any CPU
	EndGlobalSection
	GlobalSection(SolutionProperties) = preSolution
		HideSolutionNode = FALSE
	EndGlobalSection
	GlobalSection(ExtensibilityGlobals) = postSolution
		SolutionGuid = {8CA790F7-B6CB-4BB6-A0F6-9E3C5D4B7660}
	EndGlobalSection
EndGlobal
